<?xml version="1.0" encoding="utf-8"?>
<Project ToolsVersion="4.0" xmlns="http://schemas.microsoft.com/developer/msbuild/2003">
  <ItemGroup>
    <Filter Include="Source Files">
      <UniqueIdentifier>{3d9af8a5-ec97-467b-bb76-905ac04c2660}</UniqueIdentifier>
      <Extensions>cpp;c;cc;cxx;c++;cppm;ixx;def;odl;idl;hpj;bat;asm;asmx</Extensions>
    </Filter>
    <Filter Include="Header Files">
      <UniqueIdentifier>{4cc4f414-bf05-4898-8c83-646ad8e54b42}</UniqueIdentifier>
      <Extensions>h;hh;hpp;hxx;h++;hm;inl;inc;ipp;xsd</Extensions>
    </Filter>
    <Filter Include="Resource Files">
      <UniqueIdentifier>{798d02ae-27cf-41d0-88ee-391f168a1402}</UniqueIdentifier>
      <Extensions>rc;ico;cur;bmp;dlg;rc2;rct;bin;rgs;gif;jpg;jpeg;jpe;resx;tiff;tif;png;wav;mfcribbon-ms</Extensions>
    </Filter>
  </ItemGroup>
  <ItemGroup>
    <ClCompile Include="src\main.c">
      <Filter>Source Files</Filter>
    </ClCompile>
    <ClCompile Include="src\embed.c">
      <Filter>Source Files</Filter>
    </ClCompile>
    <ClCompile Include="src\layer.c">
      <Filter>Source Files</Filter>
    </ClCompile>
    <ClCompile Include="src\menu.c">
      <Filter>Source Files</Filter>
    </ClCompile>
    <ClCompile Include="src\viewport.c">
      <Filter>Source Files</Filter>
    </ClCompile>
    <ClCompile Include="src\tilepicker.c">
      <Filter>Source Files</Filter>
    </ClCompile>
    <ClCompile Include="src\palettemanager.c">
      <Filter>Source Files</Filter>
    </ClCompile>
    <ClCompile Include="src\layermanager.c">
      <Filter>Source Files</Filter>
    </ClCompile>
    <ClCompile Include="src\global.c">
      <Filter>Source Files</Filter>
    </ClCompile>
    <ClCompile Include="src\stack.c">
      <Filter>Source Files</Filter>
    </ClCompile>
    <ClCompile Include="src\celement.c">
      <Filter>Source Files</Filter>
    </ClCompile>
  </ItemGroup>
  <ItemGroup>
    <Image Include="res\Icon.ico">
      <Filter>Resource Files</Filter>
    </Image>
    <Image Include="res\playIco.ico">
      <Filter>Resource Files</Filter>
    </Image>
    <Image Include="res\saveAsIco.ico">
      <Filter>Resource Files</Filter>
    </Image>
    <Image Include="res\saveIco.ico">
      <Filter>Resource Files</Filter>
    </Image>
    <Image Include="res\zoomInIco.ico">
      <Filter>Resource Files</Filter>
    </Image>
    <Image Include="res\zoomOutIco.ico">
      <Filter>Resource Files</Filter>
    </Image>
  </ItemGroup>
  <ItemGroup>
    <ResourceCompile Include="Editor.rc">
      <Filter>Resource Files</Filter>
    </ResourceCompile>
  </ItemGroup>
  <ItemGroup>
    <ClInclude Include="includes\embed.h">
      <Filter>Header Files</Filter>
    </ClInclude>
    <ClInclude Include="resource.h">
      <Filter>Header Files</Filter>
    </ClInclude>
    <ClInclude Include="includes\layer.h">
      <Filter>Header Files</Filter>
    </ClInclude>
    <ClInclude Include="includes\texture.h">
      <Filter>Header Files</Filter>
    </ClInclude>
    <ClInclude Include="includes\menu.h">
      <Filter>Header Files</Filter>
    </ClInclude>
    <ClInclude Include="includes\viewport.h">
      <Filter>Header Files</Filter>
    </ClInclude>
    <ClInclude Include="includes\tilepicker.h">
      <Filter>Header Files</Filter>
    </ClInclude>
    <ClInclude Include="includes\layermanager.h">
      <Filter>Header Files</Filter>
    </ClInclude>
    <ClInclude Include="includes\palettemanager.h">
      <Filter>Header Files</Filter>
    </ClInclude>
    <ClInclude Include="includes\global.h">
      <Filter>Header Files</Filter>
    </ClInclude>
    <ClInclude Include="includes\celement.h">
      <Filter>Header Files</Filter>
    </ClInclude>
    <ClInclude Include="includes\stack.h">
      <Filter>Header Files</Filter>
    </ClInclude>
  </ItemGroup>
</Project>